{
  "version": 4,
  "terraform_version": "1.7.5",
  "serial": 52,
  "lineage": "e302363f-70db-29ba-f97b-550d03bbd6d8",
  "outputs": {
    "controller_ips": {
      "value": {
        "0": "10.0.1.16"
      },
      "type": [
        "object",
        {
          "0": "string"
        }
      ]
    },
    "worker_ips": {
      "value": {
        "0": "10.0.1.15",
        "1": "10.0.1.17"
      },
      "type": [
        "object",
        {
          "0": "string",
          "1": "string"
        }
      ]
    }
  },
  "resources": [
    {
      "mode": "managed",
      "type": "google_compute_instance",
      "name": "controllers",
      "provider": "provider[\"registry.terraform.io/hashicorp/google\"]",
      "instances": [
        {
          "index_key": "0",
          "schema_version": 6,
          "attributes": {
            "advanced_machine_features": [],
            "allow_stopping_for_update": null,
            "attached_disk": [],
            "boot_disk": [
              {
                "auto_delete": true,
                "device_name": "persistent-disk-0",
                "disk_encryption_key_raw": "",
                "disk_encryption_key_rsa": "",
                "disk_encryption_key_sha256": "",
                "disk_encryption_service_account": "",
                "force_attach": false,
                "guest_os_features": [
                  "VIRTIO_SCSI_MULTIQUEUE",
                  "SEV_CAPABLE",
                  "SEV_SNP_CAPABLE",
                  "SEV_LIVE_MIGRATABLE",
                  "SEV_LIVE_MIGRATABLE_V2",
                  "IDPF",
                  "TDX_CAPABLE",
                  "UEFI_COMPATIBLE",
                  "GVNIC"
                ],
                "initialize_params": [
                  {
                    "architecture": "X86_64",
                    "enable_confidential_compute": false,
                    "image": "https://www.googleapis.com/compute/v1/projects/ubuntu-os-cloud/global/images/ubuntu-2204-jammy-v20251203",
                    "labels": {},
                    "provisioned_iops": 0,
                    "provisioned_throughput": 0,
                    "resource_manager_tags": null,
                    "resource_policies": [],
                    "size": 250,
                    "snapshot": "",
                    "source_image_encryption_key": [],
                    "source_snapshot_encryption_key": [],
                    "storage_pool": "",
                    "type": "pd-standard"
                  }
                ],
                "interface": "",
                "kms_key_self_link": "",
                "mode": "READ_WRITE",
                "source": "https://www.googleapis.com/compute/v1/projects/sl-practical/zones/us-central1-a/disks/sl-practical-controller-0"
              }
            ],
            "can_ip_forward": false,
            "confidential_instance_config": [],
            "cpu_platform": "Intel Broadwell",
            "creation_timestamp": "2025-12-07T08:12:44.476-08:00",
            "current_status": "RUNNING",
            "deletion_protection": false,
            "description": "",
            "desired_status": null,
            "effective_labels": {
              "environment": "test",
              "goog-terraform-provisioned": "true",
              "managed_by": "terraform",
              "project": "sl-practical"
            },
            "enable_display": false,
            "guest_accelerator": [],
            "hostname": "",
            "id": "projects/sl-practical/zones/us-central1-a/instances/sl-practical-controller-0",
            "instance_encryption_key": [],
            "instance_id": "4617126366387116435",
            "key_revocation_action_type": "",
            "label_fingerprint": "yRorWzQM_r4=",
            "labels": null,
            "machine_type": "e2-standard-4",
            "metadata": {
              "ssh-keys": "vr_social655:ssh-ed25519 AAAAC3NzaC1lZDI1NTE5AAAAIOf5d55zh4+cKuVBYl0lKKqjdD51U8Ne2yGj0QLAzWnp vr.social655@gmail.com\n"
            },
            "metadata_fingerprint": "bCCoXIC6WN0=",
            "metadata_startup_script": "#!/bin/bash\nset -e\n\n# Basic updates\napt-get update -y\n\n# Install chrony as NTP client/server\napt-get install -y chrony\n\n# Ensure chrony is enabled and started\nsystemctl enable chrony\nsystemctl restart chrony\n\n# Optional: basic time status log\ntimedatectl \u003e /var/log/time-sync-status.log 2\u003e\u00261\n",
            "min_cpu_platform": "",
            "name": "sl-practical-controller-0",
            "network_interface": [
              {
                "access_config": [
                  {
                    "nat_ip": "35.238.169.201",
                    "network_tier": "PREMIUM",
                    "public_ptr_domain_name": ""
                  }
                ],
                "alias_ip_range": [],
                "internal_ipv6_prefix_length": 0,
                "ipv6_access_config": [],
                "ipv6_access_type": "",
                "ipv6_address": "",
                "name": "nic0",
                "network": "https://www.googleapis.com/compute/v1/projects/sl-practical/global/networks/sl-practical",
                "network_attachment": "",
                "network_ip": "10.0.1.16",
                "nic_type": "",
                "queue_count": 0,
                "stack_type": "IPV4_ONLY",
                "subnetwork": "https://www.googleapis.com/compute/v1/projects/sl-practical/regions/us-central1/subnetworks/sl-practical-subnet",
                "subnetwork_project": "sl-practical"
              }
            ],
            "network_performance_config": [],
            "params": [],
            "project": "sl-practical",
            "reservation_affinity": [],
            "resource_policies": null,
            "scheduling": [
              {
                "automatic_restart": true,
                "availability_domain": 0,
                "instance_termination_action": "",
                "local_ssd_recovery_timeout": [],
                "max_run_duration": [],
                "min_node_cpus": 0,
                "node_affinities": [],
                "on_host_maintenance": "MIGRATE",
                "on_instance_stop_action": [],
                "preemptible": false,
                "provisioning_model": "STANDARD",
                "termination_time": ""
              }
            ],
            "scratch_disk": [],
            "self_link": "https://www.googleapis.com/compute/v1/projects/sl-practical/zones/us-central1-a/instances/sl-practical-controller-0",
            "service_account": [],
            "shielded_instance_config": [
              {
                "enable_integrity_monitoring": true,
                "enable_secure_boot": false,
                "enable_vtpm": true
              }
            ],
            "tags": [
              "k8s-controller",
              "sl-practical"
            ],
            "tags_fingerprint": "sQMhhm0hjlU=",
            "terraform_labels": {
              "environment": "test",
              "goog-terraform-provisioned": "true",
              "managed_by": "terraform",
              "project": "sl-practical"
            },
            "timeouts": null,
            "zone": "us-central1-a"
          },
          "sensitive_attributes": [],
          "private": "eyJlMmJmYjczMC1lY2FhLTExZTYtOGY4OC0zNDM2M2JjN2M0YzAiOnsiY3JlYXRlIjoxMjAwMDAwMDAwMDAwLCJkZWxldGUiOjEyMDAwMDAwMDAwMDAsInVwZGF0ZSI6MTIwMDAwMDAwMDAwMH0sInNjaGVtYV92ZXJzaW9uIjoiNiJ9"
        }
      ]
    },
    {
      "mode": "managed",
      "type": "google_compute_instance",
      "name": "workers",
      "provider": "provider[\"registry.terraform.io/hashicorp/google\"]",
      "instances": [
        {
          "index_key": "0",
          "schema_version": 6,
          "attributes": {
            "advanced_machine_features": [],
            "allow_stopping_for_update": null,
            "attached_disk": [],
            "boot_disk": [
              {
                "auto_delete": true,
                "device_name": "persistent-disk-0",
                "disk_encryption_key_raw": "",
                "disk_encryption_key_rsa": "",
                "disk_encryption_key_sha256": "",
                "disk_encryption_service_account": "",
                "force_attach": false,
                "guest_os_features": [
                  "VIRTIO_SCSI_MULTIQUEUE",
                  "SEV_CAPABLE",
                  "SEV_SNP_CAPABLE",
                  "SEV_LIVE_MIGRATABLE",
                  "SEV_LIVE_MIGRATABLE_V2",
                  "IDPF",
                  "TDX_CAPABLE",
                  "UEFI_COMPATIBLE",
                  "GVNIC"
                ],
                "initialize_params": [
                  {
                    "architecture": "X86_64",
                    "enable_confidential_compute": false,
                    "image": "https://www.googleapis.com/compute/v1/projects/ubuntu-os-cloud/global/images/ubuntu-2204-jammy-v20251203",
                    "labels": {},
                    "provisioned_iops": 0,
                    "provisioned_throughput": 0,
                    "resource_manager_tags": null,
                    "resource_policies": [],
                    "size": 250,
                    "snapshot": "",
                    "source_image_encryption_key": [],
                    "source_snapshot_encryption_key": [],
                    "storage_pool": "",
                    "type": "pd-standard"
                  }
                ],
                "interface": "",
                "kms_key_self_link": "",
                "mode": "READ_WRITE",
                "source": "https://www.googleapis.com/compute/v1/projects/sl-practical/zones/us-central1-a/disks/sl-practical-worker-0"
              }
            ],
            "can_ip_forward": false,
            "confidential_instance_config": [],
            "cpu_platform": "Intel Broadwell",
            "creation_timestamp": "2025-12-07T08:12:44.421-08:00",
            "current_status": "RUNNING",
            "deletion_protection": false,
            "description": "",
            "desired_status": null,
            "effective_labels": {
              "environment": "test",
              "goog-terraform-provisioned": "true",
              "managed_by": "terraform",
              "project": "sl-practical"
            },
            "enable_display": false,
            "guest_accelerator": [],
            "hostname": "",
            "id": "projects/sl-practical/zones/us-central1-a/instances/sl-practical-worker-0",
            "instance_encryption_key": [],
            "instance_id": "8342954433459001747",
            "key_revocation_action_type": "",
            "label_fingerprint": "yRorWzQM_r4=",
            "labels": null,
            "machine_type": "e2-standard-4",
            "metadata": {
              "ssh-keys": "vr_social655:ssh-ed25519 AAAAC3NzaC1lZDI1NTE5AAAAIOf5d55zh4+cKuVBYl0lKKqjdD51U8Ne2yGj0QLAzWnp vr.social655@gmail.com\n"
            },
            "metadata_fingerprint": "bCCoXIC6WN0=",
            "metadata_startup_script": "#!/bin/bash\nset -e\n\n# Basic updates\napt-get update -y\n\n# Install chrony as NTP client/server\napt-get install -y chrony\n\n# Ensure chrony is enabled and started\nsystemctl enable chrony\nsystemctl restart chrony\n\n# Optional: basic time status log\ntimedatectl \u003e /var/log/time-sync-status.log 2\u003e\u00261\n",
            "min_cpu_platform": "",
            "name": "sl-practical-worker-0",
            "network_interface": [
              {
                "access_config": [
                  {
                    "nat_ip": "34.29.7.228",
                    "network_tier": "PREMIUM",
                    "public_ptr_domain_name": ""
                  }
                ],
                "alias_ip_range": [],
                "internal_ipv6_prefix_length": 0,
                "ipv6_access_config": [],
                "ipv6_access_type": "",
                "ipv6_address": "",
                "name": "nic0",
                "network": "https://www.googleapis.com/compute/v1/projects/sl-practical/global/networks/sl-practical",
                "network_attachment": "",
                "network_ip": "10.0.1.15",
                "nic_type": "",
                "queue_count": 0,
                "stack_type": "IPV4_ONLY",
                "subnetwork": "https://www.googleapis.com/compute/v1/projects/sl-practical/regions/us-central1/subnetworks/sl-practical-subnet",
                "subnetwork_project": "sl-practical"
              }
            ],
            "network_performance_config": [],
            "params": [],
            "project": "sl-practical",
            "reservation_affinity": [],
            "resource_policies": null,
            "scheduling": [
              {
                "automatic_restart": true,
                "availability_domain": 0,
                "instance_termination_action": "",
                "local_ssd_recovery_timeout": [],
                "max_run_duration": [],
                "min_node_cpus": 0,
                "node_affinities": [],
                "on_host_maintenance": "MIGRATE",
                "on_instance_stop_action": [],
                "preemptible": false,
                "provisioning_model": "STANDARD",
                "termination_time": ""
              }
            ],
            "scratch_disk": [],
            "self_link": "https://www.googleapis.com/compute/v1/projects/sl-practical/zones/us-central1-a/instances/sl-practical-worker-0",
            "service_account": [],
            "shielded_instance_config": [
              {
                "enable_integrity_monitoring": true,
                "enable_secure_boot": false,
                "enable_vtpm": true
              }
            ],
            "tags": [
              "k8s-worker",
              "sl-practical"
            ],
            "tags_fingerprint": "05dmiVvtwlM=",
            "terraform_labels": {
              "environment": "test",
              "goog-terraform-provisioned": "true",
              "managed_by": "terraform",
              "project": "sl-practical"
            },
            "timeouts": null,
            "zone": "us-central1-a"
          },
          "sensitive_attributes": [],
          "private": "eyJlMmJmYjczMC1lY2FhLTExZTYtOGY4OC0zNDM2M2JjN2M0YzAiOnsiY3JlYXRlIjoxMjAwMDAwMDAwMDAwLCJkZWxldGUiOjEyMDAwMDAwMDAwMDAsInVwZGF0ZSI6MTIwMDAwMDAwMDAwMH0sInNjaGVtYV92ZXJzaW9uIjoiNiJ9"
        },
        {
          "index_key": "1",
          "schema_version": 6,
          "attributes": {
            "advanced_machine_features": [],
            "allow_stopping_for_update": null,
            "attached_disk": [],
            "boot_disk": [
              {
                "auto_delete": true,
                "device_name": "persistent-disk-0",
                "disk_encryption_key_raw": "",
                "disk_encryption_key_rsa": "",
                "disk_encryption_key_sha256": "",
                "disk_encryption_service_account": "",
                "force_attach": false,
                "guest_os_features": [
                  "VIRTIO_SCSI_MULTIQUEUE",
                  "SEV_CAPABLE",
                  "SEV_SNP_CAPABLE",
                  "SEV_LIVE_MIGRATABLE",
                  "SEV_LIVE_MIGRATABLE_V2",
                  "IDPF",
                  "TDX_CAPABLE",
                  "UEFI_COMPATIBLE",
                  "GVNIC"
                ],
                "initialize_params": [
                  {
                    "architecture": "X86_64",
                    "enable_confidential_compute": false,
                    "image": "https://www.googleapis.com/compute/v1/projects/ubuntu-os-cloud/global/images/ubuntu-2204-jammy-v20251203",
                    "labels": {},
                    "provisioned_iops": 0,
                    "provisioned_throughput": 0,
                    "resource_manager_tags": null,
                    "resource_policies": [],
                    "size": 250,
                    "snapshot": "",
                    "source_image_encryption_key": [],
                    "source_snapshot_encryption_key": [],
                    "storage_pool": "",
                    "type": "pd-standard"
                  }
                ],
                "interface": "",
                "kms_key_self_link": "",
                "mode": "READ_WRITE",
                "source": "https://www.googleapis.com/compute/v1/projects/sl-practical/zones/us-central1-a/disks/sl-practical-worker-1"
              }
            ],
            "can_ip_forward": false,
            "confidential_instance_config": [],
            "cpu_platform": "Intel Broadwell",
            "creation_timestamp": "2025-12-07T08:12:44.546-08:00",
            "current_status": "RUNNING",
            "deletion_protection": false,
            "description": "",
            "desired_status": null,
            "effective_labels": {
              "environment": "test",
              "goog-terraform-provisioned": "true",
              "managed_by": "terraform",
              "project": "sl-practical"
            },
            "enable_display": false,
            "guest_accelerator": [],
            "hostname": "",
            "id": "projects/sl-practical/zones/us-central1-a/instances/sl-practical-worker-1",
            "instance_encryption_key": [],
            "instance_id": "8053514641761376659",
            "key_revocation_action_type": "",
            "label_fingerprint": "yRorWzQM_r4=",
            "labels": null,
            "machine_type": "e2-standard-4",
            "metadata": {
              "ssh-keys": "vr_social655:ssh-ed25519 AAAAC3NzaC1lZDI1NTE5AAAAIOf5d55zh4+cKuVBYl0lKKqjdD51U8Ne2yGj0QLAzWnp vr.social655@gmail.com\n"
            },
            "metadata_fingerprint": "bCCoXIC6WN0=",
            "metadata_startup_script": "#!/bin/bash\nset -e\n\n# Basic updates\napt-get update -y\n\n# Install chrony as NTP client/server\napt-get install -y chrony\n\n# Ensure chrony is enabled and started\nsystemctl enable chrony\nsystemctl restart chrony\n\n# Optional: basic time status log\ntimedatectl \u003e /var/log/time-sync-status.log 2\u003e\u00261\n",
            "min_cpu_platform": "",
            "name": "sl-practical-worker-1",
            "network_interface": [
              {
                "access_config": [
                  {
                    "nat_ip": "136.112.90.43",
                    "network_tier": "PREMIUM",
                    "public_ptr_domain_name": ""
                  }
                ],
                "alias_ip_range": [],
                "internal_ipv6_prefix_length": 0,
                "ipv6_access_config": [],
                "ipv6_access_type": "",
                "ipv6_address": "",
                "name": "nic0",
                "network": "https://www.googleapis.com/compute/v1/projects/sl-practical/global/networks/sl-practical",
                "network_attachment": "",
                "network_ip": "10.0.1.17",
                "nic_type": "",
                "queue_count": 0,
                "stack_type": "IPV4_ONLY",
                "subnetwork": "https://www.googleapis.com/compute/v1/projects/sl-practical/regions/us-central1/subnetworks/sl-practical-subnet",
                "subnetwork_project": "sl-practical"
              }
            ],
            "network_performance_config": [],
            "params": [],
            "project": "sl-practical",
            "reservation_affinity": [],
            "resource_policies": null,
            "scheduling": [
              {
                "automatic_restart": true,
                "availability_domain": 0,
                "instance_termination_action": "",
                "local_ssd_recovery_timeout": [],
                "max_run_duration": [],
                "min_node_cpus": 0,
                "node_affinities": [],
                "on_host_maintenance": "MIGRATE",
                "on_instance_stop_action": [],
                "preemptible": false,
                "provisioning_model": "STANDARD",
                "termination_time": ""
              }
            ],
            "scratch_disk": [],
            "self_link": "https://www.googleapis.com/compute/v1/projects/sl-practical/zones/us-central1-a/instances/sl-practical-worker-1",
            "service_account": [],
            "shielded_instance_config": [
              {
                "enable_integrity_monitoring": true,
                "enable_secure_boot": false,
                "enable_vtpm": true
              }
            ],
            "tags": [
              "k8s-worker",
              "sl-practical"
            ],
            "tags_fingerprint": "05dmiVvtwlM=",
            "terraform_labels": {
              "environment": "test",
              "goog-terraform-provisioned": "true",
              "managed_by": "terraform",
              "project": "sl-practical"
            },
            "timeouts": null,
            "zone": "us-central1-a"
          },
          "sensitive_attributes": [],
          "private": "eyJlMmJmYjczMC1lY2FhLTExZTYtOGY4OC0zNDM2M2JjN2M0YzAiOnsiY3JlYXRlIjoxMjAwMDAwMDAwMDAwLCJkZWxldGUiOjEyMDAwMDAwMDAwMDAsInVwZGF0ZSI6MTIwMDAwMDAwMDAwMH0sInNjaGVtYV92ZXJzaW9uIjoiNiJ9"
        }
      ]
    }
  ],
  "check_results": null
}
